// !$*UTF8*$!
{
	archiveVersion = 1;
	classes = {
	};
	objectVersion = 46;
	objects = {

/* Begin PBXBuildFile section */
		16A418670CEB0B3C228A8439 /* Pods_workshop3.framework in Frameworks */ = {isa = PBXBuildFile; fileRef = 036E113F3ADF58CDC1C93F6F /* Pods_workshop3.framework */; };
		2E0344BF1E2DB6700010AC04 /* AppDelegate.swift in Sources */ = {isa = PBXBuildFile; fileRef = 2E0344BE1E2DB6700010AC04 /* AppDelegate.swift */; };
		2E0344C11E2DB6700010AC04 /* BookListViewController.swift in Sources */ = {isa = PBXBuildFile; fileRef = 2E0344C01E2DB6700010AC04 /* BookListViewController.swift */; };
		2E0344C41E2DB6700010AC04 /* Main.storyboard in Resources */ = {isa = PBXBuildFile; fileRef = 2E0344C21E2DB6700010AC04 /* Main.storyboard */; };
		2E0344C61E2DB6700010AC04 /* Assets.xcassets in Resources */ = {isa = PBXBuildFile; fileRef = 2E0344C51E2DB6700010AC04 /* Assets.xcassets */; };
		2E0344C91E2DB6700010AC04 /* LaunchScreen.storyboard in Resources */ = {isa = PBXBuildFile; fileRef = 2E0344C71E2DB6700010AC04 /* LaunchScreen.storyboard */; };
		2E0344D41E2DB6700010AC04 /* workshop3Tests.swift in Sources */ = {isa = PBXBuildFile; fileRef = 2E0344D31E2DB6700010AC04 /* workshop3Tests.swift */; };
		2E0344DF1E2DB6700010AC04 /* workshop3UITests.swift in Sources */ = {isa = PBXBuildFile; fileRef = 2E0344DE1E2DB6700010AC04 /* workshop3UITests.swift */; };
		2E0344EF1E2F08B70010AC04 /* BookCell.swift in Sources */ = {isa = PBXBuildFile; fileRef = 2E0344EE1E2F08B70010AC04 /* BookCell.swift */; };
		2E3933351E2F367300547209 /* RealmBook.swift in Sources */ = {isa = PBXBuildFile; fileRef = 2E3933341E2F367300547209 /* RealmBook.swift */; };
		2E7D11701E2F4B3400C7D852 /* BookList.swift in Sources */ = {isa = PBXBuildFile; fileRef = 2E7D116F1E2F4B3400C7D852 /* BookList.swift */; };
		2E7D11721E2F4EF100C7D852 /* Book.swift in Sources */ = {isa = PBXBuildFile; fileRef = 2E7D11711E2F4EF100C7D852 /* Book.swift */; };
		774A07CEE5AB74B3348746C7 /* Pods_workshop3UITests.framework in Frameworks */ = {isa = PBXBuildFile; fileRef = 50098C408C8D30C9FB94D0CA /* Pods_workshop3UITests.framework */; };
		BC76E74B75C1E7EE4FA13C1F /* Pods_workshop3Tests.framework in Frameworks */ = {isa = PBXBuildFile; fileRef = C6AD2F77E1BA0842927CC75E /* Pods_workshop3Tests.framework */; };
/* End PBXBuildFile section */

/* Begin PBXContainerItemProxy section */
		2E0344D01E2DB6700010AC04 /* PBXContainerItemProxy */ = {
			isa = PBXContainerItemProxy;
			containerPortal = 2E0344B31E2DB6700010AC04 /* Project object */;
			proxyType = 1;
			remoteGlobalIDString = 2E0344BA1E2DB6700010AC04;
			remoteInfo = workshop3;
		};
		2E0344DB1E2DB6700010AC04 /* PBXContainerItemProxy */ = {
			isa = PBXContainerItemProxy;
			containerPortal = 2E0344B31E2DB6700010AC04 /* Project object */;
			proxyType = 1;
			remoteGlobalIDString = 2E0344BA1E2DB6700010AC04;
			remoteInfo = workshop3;
		};
/* End PBXContainerItemProxy section */

/* Begin PBXFileReference section */
		036E113F3ADF58CDC1C93F6F /* Pods_workshop3.framework */ = {isa = PBXFileReference; explicitFileType = wrapper.framework; includeInIndex = 0; path = Pods_workshop3.framework; sourceTree = BUILT_PRODUCTS_DIR; };
		137C75D783F7759EB48AB2E7 /* Pods-workshop3UITests.release.xcconfig */ = {isa = PBXFileReference; includeInIndex = 1; lastKnownFileType = text.xcconfig; name = "Pods-workshop3UITests.release.xcconfig"; path = "Pods/Target Support Files/Pods-workshop3UITests/Pods-workshop3UITests.release.xcconfig"; sourceTree = "<group>"; };
		1A16D5E772F458AFA558B8A3 /* Pods-workshop3.release.xcconfig */ = {isa = PBXFileReference; includeInIndex = 1; lastKnownFileType = text.xcconfig; name = "Pods-workshop3.release.xcconfig"; path = "Pods/Target Support Files/Pods-workshop3/Pods-workshop3.release.xcconfig"; sourceTree = "<group>"; };
		2E0344BB1E2DB6700010AC04 /* workshop3.app */ = {isa = PBXFileReference; explicitFileType = wrapper.application; includeInIndex = 0; path = workshop3.app; sourceTree = BUILT_PRODUCTS_DIR; };
		2E0344BE1E2DB6700010AC04 /* AppDelegate.swift */ = {isa = PBXFileReference; lastKnownFileType = sourcecode.swift; path = AppDelegate.swift; sourceTree = "<group>"; };
		2E0344C01E2DB6700010AC04 /* BookListViewController.swift */ = {isa = PBXFileReference; lastKnownFileType = sourcecode.swift; path = BookListViewController.swift; sourceTree = "<group>"; };
		2E0344C31E2DB6700010AC04 /* Base */ = {isa = PBXFileReference; lastKnownFileType = file.storyboard; name = Base; path = Base.lproj/Main.storyboard; sourceTree = "<group>"; };
		2E0344C51E2DB6700010AC04 /* Assets.xcassets */ = {isa = PBXFileReference; lastKnownFileType = folder.assetcatalog; path = Assets.xcassets; sourceTree = "<group>"; };
		2E0344C81E2DB6700010AC04 /* Base */ = {isa = PBXFileReference; lastKnownFileType = file.storyboard; name = Base; path = Base.lproj/LaunchScreen.storyboard; sourceTree = "<group>"; };
		2E0344CA1E2DB6700010AC04 /* Info.plist */ = {isa = PBXFileReference; lastKnownFileType = text.plist.xml; path = Info.plist; sourceTree = "<group>"; };
		2E0344CF1E2DB6700010AC04 /* workshop3Tests.xctest */ = {isa = PBXFileReference; explicitFileType = wrapper.cfbundle; includeInIndex = 0; path = workshop3Tests.xctest; sourceTree = BUILT_PRODUCTS_DIR; };
		2E0344D31E2DB6700010AC04 /* workshop3Tests.swift */ = {isa = PBXFileReference; lastKnownFileType = sourcecode.swift; path = workshop3Tests.swift; sourceTree = "<group>"; };
		2E0344D51E2DB6700010AC04 /* Info.plist */ = {isa = PBXFileReference; lastKnownFileType = text.plist.xml; path = Info.plist; sourceTree = "<group>"; };
		2E0344DA1E2DB6700010AC04 /* workshop3UITests.xctest */ = {isa = PBXFileReference; explicitFileType = wrapper.cfbundle; includeInIndex = 0; path = workshop3UITests.xctest; sourceTree = BUILT_PRODUCTS_DIR; };
		2E0344DE1E2DB6700010AC04 /* workshop3UITests.swift */ = {isa = PBXFileReference; lastKnownFileType = sourcecode.swift; path = workshop3UITests.swift; sourceTree = "<group>"; };
		2E0344E01E2DB6700010AC04 /* Info.plist */ = {isa = PBXFileReference; lastKnownFileType = text.plist.xml; path = Info.plist; sourceTree = "<group>"; };
		2E0344EE1E2F08B70010AC04 /* BookCell.swift */ = {isa = PBXFileReference; fileEncoding = 4; lastKnownFileType = sourcecode.swift; path = BookCell.swift; sourceTree = "<group>"; };
		2E3933341E2F367300547209 /* RealmBook.swift */ = {isa = PBXFileReference; fileEncoding = 4; lastKnownFileType = sourcecode.swift; path = RealmBook.swift; sourceTree = "<group>"; };
		2E7D116F1E2F4B3400C7D852 /* BookList.swift */ = {isa = PBXFileReference; fileEncoding = 4; lastKnownFileType = sourcecode.swift; path = BookList.swift; sourceTree = "<group>"; };
		2E7D11711E2F4EF100C7D852 /* Book.swift */ = {isa = PBXFileReference; fileEncoding = 4; lastKnownFileType = sourcecode.swift; path = Book.swift; sourceTree = "<group>"; };
		50098C408C8D30C9FB94D0CA /* Pods_workshop3UITests.framework */ = {isa = PBXFileReference; explicitFileType = wrapper.framework; includeInIndex = 0; path = Pods_workshop3UITests.framework; sourceTree = BUILT_PRODUCTS_DIR; };
		6484B063BA6BB111553B68EA /* Pods-workshop3Tests.debug.xcconfig */ = {isa = PBXFileReference; includeInIndex = 1; lastKnownFileType = text.xcconfig; name = "Pods-workshop3Tests.debug.xcconfig"; path = "Pods/Target Support Files/Pods-workshop3Tests/Pods-workshop3Tests.debug.xcconfig"; sourceTree = "<group>"; };
		723A9B93ABD61E1E2794FB5F /* Pods-workshop3.debug.xcconfig */ = {isa = PBXFileReference; includeInIndex = 1; lastKnownFileType = text.xcconfig; name = "Pods-workshop3.debug.xcconfig"; path = "Pods/Target Support Files/Pods-workshop3/Pods-workshop3.debug.xcconfig"; sourceTree = "<group>"; };
		818F0CE223819821BB4197B2 /* Pods-workshop3UITests.debug.xcconfig */ = {isa = PBXFileReference; includeInIndex = 1; lastKnownFileType = text.xcconfig; name = "Pods-workshop3UITests.debug.xcconfig"; path = "Pods/Target Support Files/Pods-workshop3UITests/Pods-workshop3UITests.debug.xcconfig"; sourceTree = "<group>"; };
		9E2C9C5E87271FA9EDD8854D /* Pods-workshop3Tests.release.xcconfig */ = {isa = PBXFileReference; includeInIndex = 1; lastKnownFileType = text.xcconfig; name = "Pods-workshop3Tests.release.xcconfig"; path = "Pods/Target Support Files/Pods-workshop3Tests/Pods-workshop3Tests.release.xcconfig"; sourceTree = "<group>"; };
		C6AD2F77E1BA0842927CC75E /* Pods_workshop3Tests.framework */ = {isa = PBXFileReference; explicitFileType = wrapper.framework; includeInIndex = 0; path = Pods_workshop3Tests.framework; sourceTree = BUILT_PRODUCTS_DIR; };
/* End PBXFileReference section */

/* Begin PBXFrameworksBuildPhase section */
		2E0344B81E2DB6700010AC04 /* Frameworks */ = {
			isa = PBXFrameworksBuildPhase;
			buildActionMask = 2147483647;
			files = (
				16A418670CEB0B3C228A8439 /* Pods_workshop3.framework in Frameworks */,
			);
			runOnlyForDeploymentPostprocessing = 0;
		};
		2E0344CC1E2DB6700010AC04 /* Frameworks */ = {
			isa = PBXFrameworksBuildPhase;
			buildActionMask = 2147483647;
			files = (
				BC76E74B75C1E7EE4FA13C1F /* Pods_workshop3Tests.framework in Frameworks */,
			);
			runOnlyForDeploymentPostprocessing = 0;
		};
		2E0344D71E2DB6700010AC04 /* Frameworks */ = {
			isa = PBXFrameworksBuildPhase;
			buildActionMask = 2147483647;
			files = (
				774A07CEE5AB74B3348746C7 /* Pods_workshop3UITests.framework in Frameworks */,
			);
			runOnlyForDeploymentPostprocessing = 0;
		};
/* End PBXFrameworksBuildPhase section */

/* Begin PBXGroup section */
		01701F725379B6E653E4E7AA /* Pods */ = {
			isa = PBXGroup;
			children = (
				723A9B93ABD61E1E2794FB5F /* Pods-workshop3.debug.xcconfig */,
				1A16D5E772F458AFA558B8A3 /* Pods-workshop3.release.xcconfig */,
				6484B063BA6BB111553B68EA /* Pods-workshop3Tests.debug.xcconfig */,
				9E2C9C5E87271FA9EDD8854D /* Pods-workshop3Tests.release.xcconfig */,
				818F0CE223819821BB4197B2 /* Pods-workshop3UITests.debug.xcconfig */,
				137C75D783F7759EB48AB2E7 /* Pods-workshop3UITests.release.xcconfig */,
			);
			name = Pods;
			sourceTree = "<group>";
		};
		2E0344B21E2DB6700010AC04 = {
			isa = PBXGroup;
			children = (
				2E0344BD1E2DB6700010AC04 /* workshop3 */,
				2E0344D21E2DB6700010AC04 /* workshop3Tests */,
				2E0344DD1E2DB6700010AC04 /* workshop3UITests */,
				2E0344BC1E2DB6700010AC04 /* Products */,
				01701F725379B6E653E4E7AA /* Pods */,
				5F6C08DA38B2628941B61767 /* Frameworks */,
			);
			sourceTree = "<group>";
		};
		2E0344BC1E2DB6700010AC04 /* Products */ = {
			isa = PBXGroup;
			children = (
				2E0344BB1E2DB6700010AC04 /* workshop3.app */,
				2E0344CF1E2DB6700010AC04 /* workshop3Tests.xctest */,
				2E0344DA1E2DB6700010AC04 /* workshop3UITests.xctest */,
			);
			name = Products;
			sourceTree = "<group>";
		};
		2E0344BD1E2DB6700010AC04 /* workshop3 */ = {
			isa = PBXGroup;
			children = (
				2E3933331E2F366400547209 /* Model */,
				2E0344ED1E2F08A90010AC04 /* View */,
				2E0344BE1E2DB6700010AC04 /* AppDelegate.swift */,
				2E0344C01E2DB6700010AC04 /* BookListViewController.swift */,
				2E0344C21E2DB6700010AC04 /* Main.storyboard */,
				2E0344C51E2DB6700010AC04 /* Assets.xcassets */,
				2E0344C71E2DB6700010AC04 /* LaunchScreen.storyboard */,
				2E0344CA1E2DB6700010AC04 /* Info.plist */,
			);
			path = workshop3;
			sourceTree = "<group>";
		};
		2E0344D21E2DB6700010AC04 /* workshop3Tests */ = {
			isa = PBXGroup;
			children = (
				2E0344D31E2DB6700010AC04 /* workshop3Tests.swift */,
				2E0344D51E2DB6700010AC04 /* Info.plist */,
			);
			path = workshop3Tests;
			sourceTree = "<group>";
		};
		2E0344DD1E2DB6700010AC04 /* workshop3UITests */ = {
			isa = PBXGroup;
			children = (
				2E0344DE1E2DB6700010AC04 /* workshop3UITests.swift */,
				2E0344E01E2DB6700010AC04 /* Info.plist */,
			);
			path = workshop3UITests;
			sourceTree = "<group>";
		};
		2E0344ED1E2F08A90010AC04 /* View */ = {
			isa = PBXGroup;
			children = (
				2E0344EE1E2F08B70010AC04 /* BookCell.swift */,
			);
			name = View;
			sourceTree = "<group>";
		};
		2E3933331E2F366400547209 /* Model */ = {
			isa = PBXGroup;
			children = (
				2E3933341E2F367300547209 /* RealmBook.swift */,
				2E7D116F1E2F4B3400C7D852 /* BookList.swift */,
				2E7D11711E2F4EF100C7D852 /* Book.swift */,
			);
			name = Model;
			sourceTree = "<group>";
		};
		5F6C08DA38B2628941B61767 /* Frameworks */ = {
			isa = PBXGroup;
			children = (
				036E113F3ADF58CDC1C93F6F /* Pods_workshop3.framework */,
				C6AD2F77E1BA0842927CC75E /* Pods_workshop3Tests.framework */,
				50098C408C8D30C9FB94D0CA /* Pods_workshop3UITests.framework */,
			);
			name = Frameworks;
			sourceTree = "<group>";
		};
/* End PBXGroup section */

/* Begin PBXNativeTarget section */
		2E0344BA1E2DB6700010AC04 /* workshop3 */ = {
			isa = PBXNativeTarget;
			buildConfigurationList = 2E0344E31E2DB6700010AC04 /* Build configuration list for PBXNativeTarget "workshop3" */;
			buildPhases = (
				5D0AD942A060865D27D1263F /* [CP] Check Pods Manifest.lock */,
				2E0344B71E2DB6700010AC04 /* Sources */,
				2E0344B81E2DB6700010AC04 /* Frameworks */,
				2E0344B91E2DB6700010AC04 /* Resources */,
				A285DA0535AECC51C3EB5C83 /* [CP] Embed Pods Frameworks */,
				35F54DBF49AA1BEB4FB54964 /* [CP] Copy Pods Resources */,
			);
			buildRules = (
			);
			dependencies = (
			);
			name = workshop3;
			productName = workshop3;
			productReference = 2E0344BB1E2DB6700010AC04 /* workshop3.app */;
			productType = "com.apple.product-type.application";
		};
		2E0344CE1E2DB6700010AC04 /* workshop3Tests */ = {
			isa = PBXNativeTarget;
			buildConfigurationList = 2E0344E61E2DB6700010AC04 /* Build configuration list for PBXNativeTarget "workshop3Tests" */;
			buildPhases = (
				80E9D4E392A38BDC10CA2724 /* [CP] Check Pods Manifest.lock */,
				2E0344CB1E2DB6700010AC04 /* Sources */,
				2E0344CC1E2DB6700010AC04 /* Frameworks */,
				2E0344CD1E2DB6700010AC04 /* Resources */,
				78BAAB09E7D917AE8DF81DCF /* [CP] Embed Pods Frameworks */,
				311CFFFD36A313C512C1E7B9 /* [CP] Copy Pods Resources */,
			);
			buildRules = (
			);
			dependencies = (
				2E0344D11E2DB6700010AC04 /* PBXTargetDependency */,
			);
			name = workshop3Tests;
			productName = workshop3Tests;
			productReference = 2E0344CF1E2DB6700010AC04 /* workshop3Tests.xctest */;
			productType = "com.apple.product-type.bundle.unit-test";
		};
		2E0344D91E2DB6700010AC04 /* workshop3UITests */ = {
			isa = PBXNativeTarget;
			buildConfigurationList = 2E0344E91E2DB6700010AC04 /* Build configuration list for PBXNativeTarget "workshop3UITests" */;
			buildPhases = (
				8A4D7971B7CF06645C67CEC3 /* [CP] Check Pods Manifest.lock */,
				2E0344D61E2DB6700010AC04 /* Sources */,
				2E0344D71E2DB6700010AC04 /* Frameworks */,
				2E0344D81E2DB6700010AC04 /* Resources */,
				937819453A27BDA89D73BEDE /* [CP] Copy Pods Resources */,
			);
			buildRules = (
			);
			dependencies = (
				2E0344DC1E2DB6700010AC04 /* PBXTargetDependency */,
			);
			name = workshop3UITests;
			productName = workshop3UITests;
			productReference = 2E0344DA1E2DB6700010AC04 /* workshop3UITests.xctest */;
			productType = "com.apple.product-type.bundle.ui-testing";
		};
/* End PBXNativeTarget section */

/* Begin PBXProject section */
		2E0344B31E2DB6700010AC04 /* Project object */ = {
			isa = PBXProject;
			attributes = {
				LastSwiftUpdateCheck = 0810;
				LastUpgradeCheck = 0810;
				ORGANIZATIONNAME = "Wei Fan";
				TargetAttributes = {
					2E0344BA1E2DB6700010AC04 = {
						CreatedOnToolsVersion = 8.1;
						DevelopmentTeam = 25EZUPR5QA;
						ProvisioningStyle = Automatic;
					};
					2E0344CE1E2DB6700010AC04 = {
						CreatedOnToolsVersion = 8.1;
						DevelopmentTeam = 25EZUPR5QA;
						ProvisioningStyle = Automatic;
						TestTargetID = 2E0344BA1E2DB6700010AC04;
					};
					2E0344D91E2DB6700010AC04 = {
						CreatedOnToolsVersion = 8.1;
						DevelopmentTeam = 25EZUPR5QA;
						ProvisioningStyle = Automatic;
						TestTargetID = 2E0344BA1E2DB6700010AC04;
					};
				};
			};
			buildConfigurationList = 2E0344B61E2DB6700010AC04 /* Build configuration list for PBXProject "workshop3" */;
			compatibilityVersion = "Xcode 3.2";
			developmentRegion = English;
			hasScannedForEncodings = 0;
			knownRegions = (
				en,
				Base,
			);
			mainGroup = 2E0344B21E2DB6700010AC04;
			productRefGroup = 2E0344BC1E2DB6700010AC04 /* Products */;
			projectDirPath = "";
			projectRoot = "";
			targets = (
				2E0344BA1E2DB6700010AC04 /* workshop3 */,
				2E0344CE1E2DB6700010AC04 /* workshop3Tests */,
				2E0344D91E2DB6700010AC04 /* workshop3UITests */,
			);
		};
/* End PBXProject section */

/* Begin PBXResourcesBuildPhase section */
		2E0344B91E2DB6700010AC04 /* Resources */ = {
			isa = PBXResourcesBuildPhase;
			buildActionMask = 2147483647;
			files = (
				2E0344C91E2DB6700010AC04 /* LaunchScreen.storyboard in Resources */,
				2E0344C61E2DB6700010AC04 /* Assets.xcassets in Resources */,
				2E0344C41E2DB6700010AC04 /* Main.storyboard in Resources */,
			);
			runOnlyForDeploymentPostprocessing = 0;
		};
		2E0344CD1E2DB6700010AC04 /* Resources */ = {
			isa = PBXResourcesBuildPhase;
			buildActionMask = 2147483647;
			files = (
			);
			runOnlyForDeploymentPostprocessing = 0;
		};
		2E0344D81E2DB6700010AC04 /* Resources */ = {
			isa = PBXResourcesBuildPhase;
			buildActionMask = 2147483647;
			files = (
			);
			runOnlyForDeploymentPostprocessing = 0;
		};
/* End PBXResourcesBuildPhase section */

/* Begin PBXShellScriptBuildPhase section */
		311CFFFD36A313C512C1E7B9 /* [CP] Copy Pods Resources */ = {
			isa = PBXShellScriptBuildPhase;
			buildActionMask = 2147483647;
			files = (
			);
			inputPaths = (
			);
			name = "[CP] Copy Pods Resources";
			outputPaths = (
			);
			runOnlyForDeploymentPostprocessing = 0;
			shellPath = /bin/sh;
			shellScript = "\"${SRCROOT}/Pods/Target Support Files/Pods-workshop3Tests/Pods-workshop3Tests-resources.sh\"\n";
			showEnvVarsInLog = 0;
		};
		35F54DBF49AA1BEB4FB54964 /* [CP] Copy Pods Resources */ = {
			isa = PBXShellScriptBuildPhase;
			buildActionMask = 2147483647;
			files = (
			);
			inputPaths = (
			);
			name = "[CP] Copy Pods Resources";
			outputPaths = (
			);
			runOnlyForDeploymentPostprocessing = 0;
			shellPath = /bin/sh;
			shellScript = "\"${SRCROOT}/Pods/Target Support Files/Pods-workshop3/Pods-workshop3-resources.sh\"\n";
			showEnvVarsInLog = 0;
		};
		5D0AD942A060865D27D1263F /* [CP] Check Pods Manifest.lock */ = {
			isa = PBXShellScriptBuildPhase;
			buildActionMask = 2147483647;
			files = (
			);
			inputPaths = (
			);
			name = "[CP] Check Pods Manifest.lock";
			outputPaths = (
			);
			runOnlyForDeploymentPostprocessing = 0;
			shellPath = /bin/sh;
			shellScript = "diff \"${PODS_ROOT}/../Podfile.lock\" \"${PODS_ROOT}/Manifest.lock\" > /dev/null\nif [[ $? != 0 ]] ; then\n    cat << EOM\nerror: The sandbox is not in sync with the Podfile.lock. Run 'pod install' or update your CocoaPods installation.\nEOM\n    exit 1\nfi\n";
			showEnvVarsInLog = 0;
		};
		78BAAB09E7D917AE8DF81DCF /* [CP] Embed Pods Frameworks */ = {
			isa = PBXShellScriptBuildPhase;
			buildActionMask = 2147483647;
			files = (
			);
			inputPaths = (
			);
			name = "[CP] Embed Pods Frameworks";
			outputPaths = (
			);
			runOnlyForDeploymentPostprocessing = 0;
			shellPath = /bin/sh;
			shellScript = "\"${SRCROOT}/Pods/Target Support Files/Pods-workshop3Tests/Pods-workshop3Tests-frameworks.sh\"\n";
			showEnvVarsInLog = 0;
		};
		80E9D4E392A38BDC10CA2724 /* [CP] Check Pods Manifest.lock */ = {
			isa = PBXShellScriptBuildPhase;
			buildActionMask = 2147483647;
			files = (
			);
			inputPaths = (
			);
			name = "[CP] Check Pods Manifest.lock";
			outputPaths = (
			);
			runOnlyForDeploymentPostprocessing = 0;
			shellPath = /bin/sh;
			shellScript = "diff \"${PODS_ROOT}/../Podfile.lock\" \"${PODS_ROOT}/Manifest.lock\" > /dev/null\nif [[ $? != 0 ]] ; then\n    cat << EOM\nerror: The sandbox is not in sync with the Podfile.lock. Run 'pod install' or update your CocoaPods installation.\nEOM\n    exit 1\nfi\n";
			showEnvVarsInLog = 0;
		};
		8A4D7971B7CF06645C67CEC3 /* [CP] Check Pods Manifest.lock */ = {
			isa = PBXShellScriptBuildPhase;
			buildActionMask = 2147483647;
			files = (
			);
			inputPaths = (
			);
			name = "[CP] Check Pods Manifest.lock";
			outputPaths = (
			);
			runOnlyForDeploymentPostprocessing = 0;
			shellPath = /bin/sh;
			shellScript = "diff \"${PODS_ROOT}/../Podfile.lock\" \"${PODS_ROOT}/Manifest.lock\" > /dev/null\nif [[ $? != 0 ]] ; then\n    cat << EOM\nerror: The sandbox is not in sync with the Podfile.lock. Run 'pod install' or update your CocoaPods installation.\nEOM\n    exit 1\nfi\n";
			showEnvVarsInLog = 0;
		};
		937819453A27BDA89D73BEDE /* [CP] Copy Pods Resources */ = {
			isa = PBXShellScriptBuildPhase;
			buildActionMask = 2147483647;
			files = (
			);
			inputPaths = (
			);
			name = "[CP] Copy Pods Resources";
			outputPaths = (
			);
			runOnlyForDeploymentPostprocessing = 0;
			shellPath = /bin/sh;
			shellScript = "\"${SRCROOT}/Pods/Target Support Files/Pods-workshop3UITests/Pods-workshop3UITests-resources.sh\"\n";
			showEnvVarsInLog = 0;
		};
		A285DA0535AECC51C3EB5C83 /* [CP] Embed Pods Frameworks */ = {
			isa = PBXShellScriptBuildPhase;
			buildActionMask = 2147483647;
			files = (
			);
			inputPaths = (
			);
			name = "[CP] Embed Pods Frameworks";
			outputPaths = (
			);
			runOnlyForDeploymentPostprocessing = 0;
			shellPath = /bin/sh;
			shellScript = "\"${SRCROOT}/Pods/Target Support Files/Pods-workshop3/Pods-workshop3-frameworks.sh\"\n";
			showEnvVarsInLog = 0;
		};
/* End PBXShellScriptBuildPhase section */

/* Begin PBXSourcesBuildPhase section */
		2E0344B71E2DB6700010AC04 /* Sources */ = {
			isa = PBXSourcesBuildPhase;
			buildActionMask = 2147483647;
			files = (
				2E7D11701E2F4B3400C7D852 /* BookList.swift in Sources */,
				2E3933351E2F367300547209 /* RealmBook.swift in Sources */,
				2E7D11721E2F4EF100C7D852 /* Book.swift in Sources */,
				2E0344EF1E2F08B70010AC04 /* BookCell.swift in Sources */,
				2E0344C11E2DB6700010AC04 /* BookListViewController.swift in Sources */,
				2E0344BF1E2DB6700010AC04 /* AppDelegate.swift in Sources */,
			);
			runOnlyForDeploymentPostprocessing = 0;
		};
		2E0344CB1E2DB6700010AC04 /* Sources */ = {
			isa = PBXSourcesBuildPhase;
			buildActionMask = 2147483647;
			files = (
				2E0344D41E2DB6700010AC04 /* workshop3Tests.swift in Sources */,
			);
			runOnlyForDeploymentPostprocessing = 0;
		};
		2E0344D61E2DB6700010AC04 /* Sources */ = {
			isa = PBXSourcesBuildPhase;
			buildActionMask = 2147483647;
			files = (
				2E0344DF1E2DB6700010AC04 /* workshop3UITests.swift in Sources */,
			);
			runOnlyForDeploymentPostprocessing = 0;
		};
/* End PBXSourcesBuildPhase section */

/* Begin PBXTargetDependency section */
		2E0344D11E2DB6700010AC04 /* PBXTargetDependency */ = {
			isa = PBXTargetDependency;
			target = 2E0344BA1E2DB6700010AC04 /* workshop3 */;
			targetProxy = 2E0344D01E2DB6700010AC04 /* PBXContainerItemProxy */;
		};
		2E0344DC1E2DB6700010AC04 /* PBXTargetDependency */ = {
			isa = PBXTargetDependency;
			target = 2E0344BA1E2DB6700010AC04 /* workshop3 */;
			targetProxy = 2E0344DB1E2DB6700010AC04 /* PBXContainerItemProxy */;
		};
/* End PBXTargetDependency section */

/* Begin PBXVariantGroup section */
		2E0344C21E2DB6700010AC04 /* Main.storyboard */ = {
			isa = PBXVariantGroup;
			children = (
				2E0344C31E2DB6700010AC04 /* Base */,
			);
			name = Main.storyboard;
			sourceTree = "<group>";
		};
		2E0344C71E2DB6700010AC04 /* LaunchScreen.storyboard */ = {
			isa = PBXVariantGroup;
			children = (
				2E0344C81E2DB6700010AC04 /* Base */,
			);
			name = LaunchScreen.storyboard;
			sourceTree = "<group>";
		};
/* End PBXVariantGroup section */

/* Begin XCBuildConfiguration section */
		2E0344E11E2DB6700010AC04 /* Debug */ = {
			isa = XCBuildConfiguration;
			buildSettings = {
				ALWAYS_SEARCH_USER_PATHS = NO;
				CLANG_ANALYZER_NONNULL = YES;
				CLANG_CXX_LANGUAGE_STANDARD = "gnu++0x";
				CLANG_CXX_LIBRARY = "libc++";
				CLANG_ENABLE_MODULES = YES;
				CLANG_ENABLE_OBJC_ARC = YES;
				CLANG_WARN_BOOL_CONVERSION = YES;
				CLANG_WARN_CONSTANT_CONVERSION = YES;
				CLANG_WARN_DIRECT_OBJC_ISA_USAGE = YES_ERROR;
				CLANG_WARN_DOCUMENTATION_COMMENTS = YES;
				CLANG_WARN_EMPTY_BODY = YES;
				CLANG_WARN_ENUM_CONVERSION = YES;
				CLANG_WARN_INFINITE_RECURSION = YES;
				CLANG_WARN_INT_CONVERSION = YES;
				CLANG_WARN_OBJC_ROOT_CLASS = YES_ERROR;
				CLANG_WARN_SUSPICIOUS_MOVE = YES;
				CLANG_WARN_SUSPICIOUS_MOVES = YES;
				CLANG_WARN_UNREACHABLE_CODE = YES;
				CLANG_WARN__DUPLICATE_METHOD_MATCH = YES;
				"CODE_SIGN_IDENTITY[sdk=iphoneos*]" = "iPhone Developer";
				COPY_PHASE_STRIP = NO;
				DEBUG_INFORMATION_FORMAT = dwarf;
				ENABLE_STRICT_OBJC_MSGSEND = YES;
				ENABLE_TESTABILITY = YES;
				GCC_C_LANGUAGE_STANDARD = gnu99;
				GCC_DYNAMIC_NO_PIC = NO;
				GCC_NO_COMMON_BLOCKS = YES;
				GCC_OPTIMIZATION_LEVEL = 0;
				GCC_PREPROCESSOR_DEFINITIONS = (
					"DEBUG=1",
					"$(inherited)",
				);
				GCC_WARN_64_TO_32_BIT_CONVERSION = YES;
				GCC_WARN_ABOUT_RETURN_TYPE = YES_ERROR;
				GCC_WARN_UNDECLARED_SELECTOR = YES;
				GCC_WARN_UNINITIALIZED_AUTOS = YES_AGGRESSIVE;
				GCC_WARN_UNUSED_FUNCTION = YES;
				GCC_WARN_UNUSED_VARIABLE = YES;
				IPHONEOS_DEPLOYMENT_TARGET = 10.1;
				MTL_ENABLE_DEBUG_INFO = YES;
				ONLY_ACTIVE_ARCH = YES;
				SDKROOT = iphoneos;
				SWIFT_ACTIVE_COMPILATION_CONDITIONS = DEBUG;
				SWIFT_OPTIMIZATION_LEVEL = "-Onone";
			};
			name = Debug;
		};
		2E0344E21E2DB6700010AC04 /* Release */ = {
			isa = XCBuildConfiguration;
			buildSettings = {
				ALWAYS_SEARCH_USER_PATHS = NO;
				CLANG_ANALYZER_NONNULL = YES;
				CLANG_CXX_LANGUAGE_STANDARD = "gnu++0x";
				CLANG_CXX_LIBRARY = "libc++";
				CLANG_ENABLE_MODULES = YES;
				CLANG_ENABLE_OBJC_ARC = YES;
				CLANG_WARN_BOOL_CONVERSION = YES;
				CLANG_WARN_CONSTANT_CONVERSION = YES;
				CLANG_WARN_DIRECT_OBJC_ISA_USAGE = YES_ERROR;
				CLANG_WARN_DOCUMENTATION_COMMENTS = YES;
				CLANG_WARN_EMPTY_BODY = YES;
				CLANG_WARN_ENUM_CONVERSION = YES;
				CLANG_WARN_INFINITE_RECURSION = YES;
				CLANG_WARN_INT_CONVERSION = YES;
				CLANG_WARN_OBJC_ROOT_CLASS = YES_ERROR;
				CLANG_WARN_SUSPICIOUS_MOVE = YES;
				CLANG_WARN_SUSPICIOUS_MOVES = YES;
				CLANG_WARN_UNREACHABLE_CODE = YES;
				CLANG_WARN__DUPLICATE_METHOD_MATCH = YES;
				"CODE_SIGN_IDENTITY[sdk=iphoneos*]" = "iPhone Developer";
				COPY_PHASE_STRIP = NO;
				DEBUG_INFORMATION_FORMAT = "dwarf-with-dsym";
				ENABLE_NS_ASSERTIONS = NO;
				ENABLE_STRICT_OBJC_MSGSEND = YES;
				GCC_C_LANGUAGE_STANDARD = gnu99;
				GCC_NO_COMMON_BLOCKS = YES;
				GCC_WARN_64_TO_32_BIT_CONVERSION = YES;
				GCC_WARN_ABOUT_RETURN_TYPE = YES_ERROR;
				GCC_WARN_UNDECLARED_SELECTOR = YES;
				GCC_WARN_UNINITIALIZED_AUTOS = YES_AGGRESSIVE;
				GCC_WARN_UNUSED_FUNCTION = YES;
				GCC_WARN_UNUSED_VARIABLE = YES;
				IPHONEOS_DEPLOYMENT_TARGET = 10.1;
				MTL_ENABLE_DEBUG_INFO = NO;
				SDKROOT = iphoneos;
				SWIFT_OPTIMIZATION_LEVEL = "-Owholemodule";
				VALIDATE_PRODUCT = YES;
			};
			name = Release;
		};
		2E0344E41E2DB6700010AC04 /* Debug */ = {
			isa = XCBuildConfiguration;
			baseConfigurationReference = 723A9B93ABD61E1E2794FB5F /* Pods-workshop3.debug.xcconfig */;
			buildSettings = {
				ALWAYS_EMBED_SWIFT_STANDARD_LIBRARIES = YES;
				ASSETCATALOG_COMPILER_APPICON_NAME = AppIcon;
				DEVELOPMENT_TEAM = 25EZUPR5QA;
				INFOPLIST_FILE = workshop3/Info.plist;
				LD_RUNPATH_SEARCH_PATHS = "$(inherited) @executable_path/Frameworks";
				PRODUCT_BUNDLE_IDENTIFIER = com.none.workshop3;
				PRODUCT_NAME = "$(TARGET_NAME)";
				SWIFT_VERSION = 3.0;
			};
			name = Debug;
		};
		2E0344E51E2DB6700010AC04 /* Release */ = {
			isa = XCBuildConfiguration;
			baseConfigurationReference = 1A16D5E772F458AFA558B8A3 /* Pods-workshop3.release.xcconfig */;
			buildSettings = {
				ALWAYS_EMBED_SWIFT_STANDARD_LIBRARIES = YES;
				ASSETCATALOG_COMPILER_APPICON_NAME = AppIcon;
				DEVELOPMENT_TEAM = 25EZUPR5QA;
				INFOPLIST_FILE = workshop3/Info.plist;
				LD_RUNPATH_SEARCH_PATHS = "$(inherited) @executable_path/Frameworks";
				PRODUCT_BUNDLE_IDENTIFIER = com.none.workshop3;
				PRODUCT_NAME = "$(TARGET_NAME)";
				SWIFT_VERSION = 3.0;
			};
			name = Release;
		};
		2E0344E71E2DB6700010AC04 /* Debug */ = {
			isa = XCBuildConfiguration;
			baseConfigurationReference = 6484B063BA6BB111553B68EA /* Pods-workshop3Tests.debug.xcconfig */;
			buildSettings = {
				ALWAYS_EMBED_SWIFT_STANDARD_LIBRARIES = YES;
				BUNDLE_LOADER = "$(TEST_HOST)";
				DEVELOPMENT_TEAM = 25EZUPR5QA;
				INFOPLIST_FILE = workshop3Tests/Info.plist;
				LD_RUNPATH_SEARCH_PATHS = "$(inherited) @executable_path/Frameworks @loader_path/Frameworks";
				PRODUCT_BUNDLE_IDENTIFIER = com.none.workshop3Tests;
				PRODUCT_NAME = "$(TARGET_NAME)";
				SWIFT_VERSION = 3.0;
				TEST_HOST = "$(BUILT_PRODUCTS_DIR)/workshop3.app/workshop3";
			};
			name = Debug;
		};
		2E0344E81E2DB6700010AC04 /* Release */ = {
			isa = XCBuildConfiguration;
			baseConfigurationReference = 9E2C9C5E87271FA9EDD8854D /* Pods-workshop3Tests.release.xcconfig */;
			buildSettings = {
				ALWAYS_EMBED_SWIFT_STANDARD_LIBRARIES = YES;
				BUNDLE_LOADER = "$(TEST_HOST)";
				DEVELOPMENT_TEAM = 25EZUPR5QA;
				INFOPLIST_FILE = workshop3Tests/Info.plist;
				LD_RUNPATH_SEARCH_PATHS = "$(inherited) @executable_path/Frameworks @loader_path/Frameworks";
				PRODUCT_BUNDLE_IDENTIFIER = com.none.workshop3Tests;
				PRODUCT_NAME = "$(TARGET_NAME)";
				SWIFT_VERSION = 3.0;
				TEST_HOST = "$(BUILT_PRODUCTS_DIR)/workshop3.app/workshop3";
			};
			name = Release;
		};
		2E0344EA1E2DB6700010AC04 /* Debug */ = {
			isa = XCBuildConfiguration;
			baseConfigurationReference = 818F0CE223819821BB4197B2 /* Pods-workshop3UITests.debug.xcconfig */;
			buildSettings = {
				ALWAYS_EMBED_SWIFT_STANDARD_LIBRARIES = YES;
				DEVELOPMENT_TEAM = 25EZUPR5QA;
				INFOPLIST_FILE = workshop3UITests/Info.plist;
				LD_RUNPATH_SEARCH_PATHS = "$(inherited) @executable_path/Frameworks @loader_path/Frameworks";
				PRODUCT_BUNDLE_IDENTIFIER = com.none.workshop3UITests;
				PRODUCT_NAME = "$(TARGET_NAME)";
				SWIFT_VERSION = 3.0;
				TEST_TARGET_NAME = workshop3;
			};
			name = Debug;
		};
		2E0344EB1E2DB6700010AC04 /* Release */ = {
			isa = XCBuildConfiguration;
			baseConfigurationReference = 137C75D783F7759EB48AB2E7 /* Pods-workshop3UITests.release.xcconfig */;
			buildSettings = {
				ALWAYS_EMBED_SWIFT_STANDARD_LIBRARIES = YES;
				DEVELOPMENT_TEAM = 25EZUPR5QA;
				INFOPLIST_FILE = workshop3UITests/Info.plist;
				LD_RUNPATH_SEARCH_PATHS = "$(inherited) @executable_path/Frameworks @loader_path/Frameworks";
				PRODUCT_BUNDLE_IDENTIFIER = com.none.workshop3UITests;
				PRODUCT_NAME = "$(TARGET_NAME)";
				SWIFT_VERSION = 3.0;
				TEST_TARGET_NAME = workshop3;
			};
			name = Release;
		};
/* End XCBuildConfiguration section */

/* Begin XCConfigurationList section */
		2E0344B61E2DB6700010AC04 /* Build configuration list for PBXProject "workshop3" */ = {
			isa = XCConfigurationList;
			buildConfigurations = (
				2E0344E11E2DB6700010AC04 /* Debug */,
				2E0344E21E2DB6700010AC04 /* Release */,
			);
			defaultConfigurationIsVisible = 0;
			defaultConfigurationName = Release;
		};
		2E0344E31E2DB6700010AC04 /* Build configuration list for PBXNativeTarget "workshop3" */ = {
			isa = XCConfigurationList;
			buildConfigurations = (
				2E0344E41E2DB6700010AC04 /* Debug */,
				2E0344E51E2DB6700010AC04 /* Release */,
			);
			defaultConfigurationIsVisible = 0;
			defaultConfigurationName = Release;
		};
		2E0344E61E2DB6700010AC04 /* Build configuration list for PBXNativeTarget "workshop3Tests" */ = {
			isa = XCConfigurationList;
			buildConfigurations = (
				2E0344E71E2DB6700010AC04 /* Debug */,
				2E0344E81E2DB6700010AC04 /* Release */,
			);
			defaultConfigurationIsVisible = 0;
			defaultConfigurationName = Release;
		};
		2E0344E91E2DB6700010AC04 /* Build configuration list for PBXNativeTarget "workshop3UITests" */ = {
			isa = XCConfigurationList;
			buildConfigurations = (
				2E0344EA1E2DB6700010AC04 /* Debug */,
				2E0344EB1E2DB6700010AC04 /* Release */,
			);
			defaultConfigurationIsVisible = 0;
			defaultConfigurationName = Release;
		};
/* End XCConfigurationList section */
	};
	rootObject = 2E0344B31E2DB6700010AC04 /* Project object */;
}
